
Microsoft Visual Studio Solution File, Format Version 12.00
# Visual Studio 2012
Project("{FAE04EC0-301F-11D3-BF4B-00C04F79EFBC}") = "campus_new_age", "campus_new_age\campus_new_age.csproj", "{5575A31C-74BC-4589-A02A-C40B5EF3FBC0}"
EndProject
Global
	GlobalSection(SolutionConfigurationPlatforms) = preSolution
		Debug|Any CPU = Debug|Any CPU
		Release|Any CPU = Release|Any CPU
	EndGlobalSection
	GlobalSection(ProjectConfigurationPlatforms) = postSolution
		{5575A31C-74BC-4589-A02A-C40B5EF3FBC0}.Debug|Any CPU.ActiveCfg = Debug|Any CPU
		{5575A31C-74BC-4589-A02A-C40B5EF3FBC0}.Debug|Any CPU.Build.0 = Debug|Any CPU
		{5575A31C-74BC-4589-A02A-C40B5EF3FBC0}.Release|Any CPU.ActiveCfg = Release|Any CPU
		{5575A31C-74BC-4589-A02A-C40B5EF3FBC0}.Release|Any CPU.Build.0 = Release|Any CPU
	EndGlobalSection
	GlobalSection(SolutionProperties) = preSolution
		HideSolutionNode = FALSE
	EndGlobalSection
EndGlobal
