
Microsoft Visual Studio Solution File, Format Version 12.00
# Visual Studio 2013
VisualStudioVersion = 12.0.21005.1
MinimumVisualStudioVersion = 10.0.40219.1
Project("{FAE04EC0-301F-11D3-BF4B-00C04F79EFBC}") = "Campus.SDK", "..\..\GitHub\campus.sdk.net\Campus.SDK\Campus.SDK.csproj", "{8337EADE-65F9-4EDB-AEE5-E96F8275E785}"
EndProject
Project("{FAE04EC0-301F-11D3-BF4B-00C04F79EFBC}") = "Core", "Core\Core.csproj", "{D0C454F1-FAEE-41BC-BE87-1D8805EB33A2}"
EndProject
Project("{FAE04EC0-301F-11D3-BF4B-00C04F79EFBC}") = "WebApplication", "WebApplication\WebApplication.csproj", "{7392A588-E47F-4CD5-BC77-7692A2F97D7B}"
EndProject
Global
	GlobalSection(SolutionConfigurationPlatforms) = preSolution
		Debug|Any CPU = Debug|Any CPU
		Release|Any CPU = Release|Any CPU
	EndGlobalSection
	GlobalSection(ProjectConfigurationPlatforms) = postSolution
		{8337EADE-65F9-4EDB-AEE5-E96F8275E785}.Debug|Any CPU.ActiveCfg = Debug|Any CPU
		{8337EADE-65F9-4EDB-AEE5-E96F8275E785}.Debug|Any CPU.Build.0 = Debug|Any CPU
		{8337EADE-65F9-4EDB-AEE5-E96F8275E785}.Release|Any CPU.ActiveCfg = Release|Any CPU
		{8337EADE-65F9-4EDB-AEE5-E96F8275E785}.Release|Any CPU.Build.0 = Release|Any CPU
		{D0C454F1-FAEE-41BC-BE87-1D8805EB33A2}.Debug|Any CPU.ActiveCfg = Debug|Any CPU
		{D0C454F1-FAEE-41BC-BE87-1D8805EB33A2}.Debug|Any CPU.Build.0 = Debug|Any CPU
		{D0C454F1-FAEE-41BC-BE87-1D8805EB33A2}.Release|Any CPU.ActiveCfg = Release|Any CPU
		{D0C454F1-FAEE-41BC-BE87-1D8805EB33A2}.Release|Any CPU.Build.0 = Release|Any CPU
		{7392A588-E47F-4CD5-BC77-7692A2F97D7B}.Debug|Any CPU.ActiveCfg = Debug|Any CPU
		{7392A588-E47F-4CD5-BC77-7692A2F97D7B}.Debug|Any CPU.Build.0 = Debug|Any CPU
		{7392A588-E47F-4CD5-BC77-7692A2F97D7B}.Release|Any CPU.ActiveCfg = Release|Any CPU
		{7392A588-E47F-4CD5-BC77-7692A2F97D7B}.Release|Any CPU.Build.0 = Release|Any CPU
	EndGlobalSection
	GlobalSection(SolutionProperties) = preSolution
		HideSolutionNode = FALSE
	EndGlobalSection
EndGlobal
