
Microsoft Visual Studio Solution File, Format Version 12.00
# Visual Studio 2013
VisualStudioVersion = 12.0.31101.0
MinimumVisualStudioVersion = 10.0.40219.1
Project("{FAE04EC0-301F-11D3-BF4B-00C04F79EFBC}") = "Site", "Site\Site.csproj", "{BC806413-BAC8-4CBD-8665-1E042EF6BD12}"
EndProject
Project("{FAE04EC0-301F-11D3-BF4B-00C04F79EFBC}") = "Core", "Core\Core.csproj", "{C4EBF4E3-1EA1-46EC-BB58-DB4876272676}"
EndProject
Global
	GlobalSection(SolutionConfigurationPlatforms) = preSolution
		Debug|Any CPU = Debug|Any CPU
		Release|Any CPU = Release|Any CPU
	EndGlobalSection
	GlobalSection(ProjectConfigurationPlatforms) = postSolution
		{BC806413-BAC8-4CBD-8665-1E042EF6BD12}.Debug|Any CPU.ActiveCfg = Debug|Any CPU
		{BC806413-BAC8-4CBD-8665-1E042EF6BD12}.Debug|Any CPU.Build.0 = Debug|Any CPU
		{BC806413-BAC8-4CBD-8665-1E042EF6BD12}.Release|Any CPU.ActiveCfg = Release|Any CPU
		{BC806413-BAC8-4CBD-8665-1E042EF6BD12}.Release|Any CPU.Build.0 = Release|Any CPU
		{C4EBF4E3-1EA1-46EC-BB58-DB4876272676}.Debug|Any CPU.ActiveCfg = Debug|Any CPU
		{C4EBF4E3-1EA1-46EC-BB58-DB4876272676}.Debug|Any CPU.Build.0 = Debug|Any CPU
		{C4EBF4E3-1EA1-46EC-BB58-DB4876272676}.Release|Any CPU.ActiveCfg = Release|Any CPU
		{C4EBF4E3-1EA1-46EC-BB58-DB4876272676}.Release|Any CPU.Build.0 = Release|Any CPU
	EndGlobalSection
	GlobalSection(SolutionProperties) = preSolution
		HideSolutionNode = FALSE
	EndGlobalSection
EndGlobal
